{
    "_meta": {
        "hash": {
            "sha256": "2915c3c55e67365451397ea6aaf5b00934c0505a85b30fc870561ad74dcff541"
        },
        "pipfile-spec": 6,
        "requires": {
            "python_version": "3.10"
        },
        "sources": [
            {
                "name": "pypi",
                "url": "https://pypi.org/simple",
                "verify_ssl": true
            }
        ]
    },
    "default": {
        "threadpool": {
            "hashes": [
                "sha256:6a3bbb0c0e7ce26ff4f24193c15464595754bd46f87d84126a7c2773ddb7b9ca",
                "sha256:826e0c25d4cd3c1e58c2e16a6219f60ba13b5b34a5837a7f8659712f88cb7cdd",
                "sha256:cb88bd360c2648892a6bed2f721a5b84fb8c03926cf49139889def0448549d3f",
                "sha256:cce4ef898b7eda686a6086facf33c9ac006d1809281db0030673d1647bfeefa4",
                "sha256:da4ea68ce6766b7886f4c86114df1c1eedc07484c8a33b4f737ba6f5413a12ad"
            ],
            "index": "pypi",
            "version": "==1.3.2"
        }
    },
    "develop": {}
}
